// !$*UTF8*$!
{
	archiveVersion = 1;
	classes = {
	};
	objectVersion = 55;
	objects = {

/* Begin PBXBuildFile section */
		1F8468AA282AC0FD00F110CC /* AppDelegate.m in Sources */ = {isa = PBXBuildFile; fileRef = 1F8468A9282AC0FD00F110CC /* AppDelegate.m */; };
		1F8468B0282AC0FD00F110CC /* ViewController.m in Sources */ = {isa = PBXBuildFile; fileRef = 1F8468AF282AC0FD00F110CC /* ViewController.m */; };
		1F8468B6282AC0FD00F110CC /* OpenGLiOSDemo.xcdatamodeld in Sources */ = {isa = PBXBuildFile; fileRef = 1F8468B4282AC0FD00F110CC /* OpenGLiOSDemo.xcdatamodeld */; };
		1F8468B8282AC0FE00F110CC /* Assets.xcassets in Resources */ = {isa = PBXBuildFile; fileRef = 1F8468B7282AC0FE00F110CC /* Assets.xcassets */; };
		1F8468BB282AC0FE00F110CC /* LaunchScreen.storyboard in Resources */ = {isa = PBXBuildFile; fileRef = 1F8468B9282AC0FE00F110CC /* LaunchScreen.storyboard */; };
		1F8468BE282AC0FE00F110CC /* main.m in Sources */ = {isa = PBXBuildFile; fileRef = 1F8468BD282AC0FE00F110CC /* main.m */; };
		1F8468C8282AC0FE00F110CC /* OpenGLiOSDemoTests.m in Sources */ = {isa = PBXBuildFile; fileRef = 1F8468C7282AC0FE00F110CC /* OpenGLiOSDemoTests.m */; };
		1F8468D2282AC0FE00F110CC /* OpenGLiOSDemoUITests.m in Sources */ = {isa = PBXBuildFile; fileRef = 1F8468D1282AC0FE00F110CC /* OpenGLiOSDemoUITests.m */; };
		1F8468D4282AC0FE00F110CC /* OpenGLiOSDemoUITestsLaunchTests.m in Sources */ = {isa = PBXBuildFile; fileRef = 1F8468D3282AC0FE00F110CC /* OpenGLiOSDemoUITestsLaunchTests.m */; };
		1F8468E2282AC2C200F110CC /* OpenGLViewController.m in Sources */ = {isa = PBXBuildFile; fileRef = 1F8468E1282AC2C200F110CC /* OpenGLViewController.m */; };
		1F8468E5282AC58C00F110CC /* BaseOpenGLView.m in Sources */ = {isa = PBXBuildFile; fileRef = 1F8468E4282AC58C00F110CC /* BaseOpenGLView.m */; };
		A5F1B1C4F8F0A0327470A847 /* libPods-OpenGLiOSDemo.a in Frameworks */ = {isa = PBXBuildFile; fileRef = ADE5128B01481BC87E85DBDF /* libPods-OpenGLiOSDemo.a */; };
		AE043796BA20A62918CFFD54 /* libPods-OpenGLiOSDemoTests.a in Frameworks */ = {isa = PBXBuildFile; fileRef = A809F06CB9EBB6098297EF4B /* libPods-OpenGLiOSDemoTests.a */; };
		B3DE2EAC39D49839A3B6B66D /* libPods-OpenGLiOSDemo-OpenGLiOSDemoUITests.a in Frameworks */ = {isa = PBXBuildFile; fileRef = F26CE7E50C74A4467BF78004 /* libPods-OpenGLiOSDemo-OpenGLiOSDemoUITests.a */; };
/* End PBXBuildFile section */

/* Begin PBXContainerItemProxy section */
		1F8468C4282AC0FE00F110CC /* PBXContainerItemProxy */ = {
			isa = PBXContainerItemProxy;
			containerPortal = 1F84689D282AC0FD00F110CC /* Project object */;
			proxyType = 1;
			remoteGlobalIDString = 1F8468A4282AC0FD00F110CC;
			remoteInfo = OpenGLiOSDemo;
		};
		1F8468CE282AC0FE00F110CC /* PBXContainerItemProxy */ = {
			isa = PBXContainerItemProxy;
			containerPortal = 1F84689D282AC0FD00F110CC /* Project object */;
			proxyType = 1;
			remoteGlobalIDString = 1F8468A4282AC0FD00F110CC;
			remoteInfo = OpenGLiOSDemo;
		};
/* End PBXContainerItemProxy section */

/* Begin PBXFileReference section */
		1F8468A5282AC0FD00F110CC /* OpenGLiOSDemo.app */ = {isa = PBXFileReference; explicitFileType = wrapper.application; includeInIndex = 0; path = OpenGLiOSDemo.app; sourceTree = BUILT_PRODUCTS_DIR; };
		1F8468A8282AC0FD00F110CC /* AppDelegate.h */ = {isa = PBXFileReference; lastKnownFileType = sourcecode.c.h; path = AppDelegate.h; sourceTree = "<group>"; };
		1F8468A9282AC0FD00F110CC /* AppDelegate.m */ = {isa = PBXFileReference; lastKnownFileType = sourcecode.c.objc; path = AppDelegate.m; sourceTree = "<group>"; };
		1F8468AE282AC0FD00F110CC /* ViewController.h */ = {isa = PBXFileReference; lastKnownFileType = sourcecode.c.h; path = ViewController.h; sourceTree = "<group>"; };
		1F8468AF282AC0FD00F110CC /* ViewController.m */ = {isa = PBXFileReference; lastKnownFileType = sourcecode.c.objc; path = ViewController.m; sourceTree = "<group>"; };
		1F8468B5282AC0FD00F110CC /* OpenGLiOSDemo.xcdatamodel */ = {isa = PBXFileReference; lastKnownFileType = wrapper.xcdatamodel; path = OpenGLiOSDemo.xcdatamodel; sourceTree = "<group>"; };
		1F8468B7282AC0FE00F110CC /* Assets.xcassets */ = {isa = PBXFileReference; lastKnownFileType = folder.assetcatalog; path = Assets.xcassets; sourceTree = "<group>"; };
		1F8468BA282AC0FE00F110CC /* Base */ = {isa = PBXFileReference; lastKnownFileType = file.storyboard; name = Base; path = Base.lproj/LaunchScreen.storyboard; sourceTree = "<group>"; };
		1F8468BC282AC0FE00F110CC /* Info.plist */ = {isa = PBXFileReference; lastKnownFileType = text.plist.xml; path = Info.plist; sourceTree = "<group>"; };
		1F8468BD282AC0FE00F110CC /* main.m */ = {isa = PBXFileReference; lastKnownFileType = sourcecode.c.objc; path = main.m; sourceTree = "<group>"; };
		1F8468C3282AC0FE00F110CC /* OpenGLiOSDemoTests.xctest */ = {isa = PBXFileReference; explicitFileType = wrapper.cfbundle; includeInIndex = 0; path = OpenGLiOSDemoTests.xctest; sourceTree = BUILT_PRODUCTS_DIR; };
		1F8468C7282AC0FE00F110CC /* OpenGLiOSDemoTests.m */ = {isa = PBXFileReference; lastKnownFileType = sourcecode.c.objc; path = OpenGLiOSDemoTests.m; sourceTree = "<group>"; };
		1F8468CD282AC0FE00F110CC /* OpenGLiOSDemoUITests.xctest */ = {isa = PBXFileReference; explicitFileType = wrapper.cfbundle; includeInIndex = 0; path = OpenGLiOSDemoUITests.xctest; sourceTree = BUILT_PRODUCTS_DIR; };
		1F8468D1282AC0FE00F110CC /* OpenGLiOSDemoUITests.m */ = {isa = PBXFileReference; lastKnownFileType = sourcecode.c.objc; path = OpenGLiOSDemoUITests.m; sourceTree = "<group>"; };
		1F8468D3282AC0FE00F110CC /* OpenGLiOSDemoUITestsLaunchTests.m */ = {isa = PBXFileReference; lastKnownFileType = sourcecode.c.objc; path = OpenGLiOSDemoUITestsLaunchTests.m; sourceTree = "<group>"; };
		1F8468E0282AC2C200F110CC /* OpenGLViewController.h */ = {isa = PBXFileReference; lastKnownFileType = sourcecode.c.h; path = OpenGLViewController.h; sourceTree = "<group>"; };
		1F8468E1282AC2C200F110CC /* OpenGLViewController.m */ = {isa = PBXFileReference; lastKnownFileType = sourcecode.c.objc; path = OpenGLViewController.m; sourceTree = "<group>"; };
		1F8468E3282AC58C00F110CC /* BaseOpenGLView.h */ = {isa = PBXFileReference; lastKnownFileType = sourcecode.c.h; path = BaseOpenGLView.h; sourceTree = "<group>"; };
		1F8468E4282AC58C00F110CC /* BaseOpenGLView.m */ = {isa = PBXFileReference; lastKnownFileType = sourcecode.c.objc; path = BaseOpenGLView.m; sourceTree = "<group>"; };
		232C41219D63ECD25B5C5432 /* Pods-OpenGLiOSDemoTests.release.xcconfig */ = {isa = PBXFileReference; includeInIndex = 1; lastKnownFileType = text.xcconfig; name = "Pods-OpenGLiOSDemoTests.release.xcconfig"; path = "Target Support Files/Pods-OpenGLiOSDemoTests/Pods-OpenGLiOSDemoTests.release.xcconfig"; sourceTree = "<group>"; };
		3EB0D2B01635652F12188355 /* Pods-OpenGLiOSDemo-OpenGLiOSDemoUITests.release.xcconfig */ = {isa = PBXFileReference; includeInIndex = 1; lastKnownFileType = text.xcconfig; name = "Pods-OpenGLiOSDemo-OpenGLiOSDemoUITests.release.xcconfig"; path = "Target Support Files/Pods-OpenGLiOSDemo-OpenGLiOSDemoUITests/Pods-OpenGLiOSDemo-OpenGLiOSDemoUITests.release.xcconfig"; sourceTree = "<group>"; };
		50EBBBE5B35B3A7612C92966 /* Pods-OpenGLiOSDemo-OpenGLiOSDemoUITests.debug.xcconfig */ = {isa = PBXFileReference; includeInIndex = 1; lastKnownFileType = text.xcconfig; name = "Pods-OpenGLiOSDemo-OpenGLiOSDemoUITests.debug.xcconfig"; path = "Target Support Files/Pods-OpenGLiOSDemo-OpenGLiOSDemoUITests/Pods-OpenGLiOSDemo-OpenGLiOSDemoUITests.debug.xcconfig"; sourceTree = "<group>"; };
		54028B2A350D6B98C86A1490 /* Pods-OpenGLiOSDemo.release.xcconfig */ = {isa = PBXFileReference; includeInIndex = 1; lastKnownFileType = text.xcconfig; name = "Pods-OpenGLiOSDemo.release.xcconfig"; path = "Target Support Files/Pods-OpenGLiOSDemo/Pods-OpenGLiOSDemo.release.xcconfig"; sourceTree = "<group>"; };
		A809F06CB9EBB6098297EF4B /* libPods-OpenGLiOSDemoTests.a */ = {isa = PBXFileReference; explicitFileType = archive.ar; includeInIndex = 0; path = "libPods-OpenGLiOSDemoTests.a"; sourceTree = BUILT_PRODUCTS_DIR; };
		ADE5128B01481BC87E85DBDF /* libPods-OpenGLiOSDemo.a */ = {isa = PBXFileReference; explicitFileType = archive.ar; includeInIndex = 0; path = "libPods-OpenGLiOSDemo.a"; sourceTree = BUILT_PRODUCTS_DIR; };
		C6D5DA20AEC5B8DF85923EC6 /* Pods-OpenGLiOSDemo.debug.xcconfig */ = {isa = PBXFileReference; includeInIndex = 1; lastKnownFileType = text.xcconfig; name = "Pods-OpenGLiOSDemo.debug.xcconfig"; path = "Target Support Files/Pods-OpenGLiOSDemo/Pods-OpenGLiOSDemo.debug.xcconfig"; sourceTree = "<group>"; };
		E51CBE04AABB4B4CF75011C5 /* Pods-OpenGLiOSDemoTests.debug.xcconfig */ = {isa = PBXFileReference; includeInIndex = 1; lastKnownFileType = text.xcconfig; name = "Pods-OpenGLiOSDemoTests.debug.xcconfig"; path = "Target Support Files/Pods-OpenGLiOSDemoTests/Pods-OpenGLiOSDemoTests.debug.xcconfig"; sourceTree = "<group>"; };
		F26CE7E50C74A4467BF78004 /* libPods-OpenGLiOSDemo-OpenGLiOSDemoUITests.a */ = {isa = PBXFileReference; explicitFileType = archive.ar; includeInIndex = 0; path = "libPods-OpenGLiOSDemo-OpenGLiOSDemoUITests.a"; sourceTree = BUILT_PRODUCTS_DIR; };
/* End PBXFileReference section */

/* Begin PBXFrameworksBuildPhase section */
		1F8468A2282AC0FD00F110CC /* Frameworks */ = {
			isa = PBXFrameworksBuildPhase;
			buildActionMask = 2147483647;
			files = (
				A5F1B1C4F8F0A0327470A847 /* libPods-OpenGLiOSDemo.a in Frameworks */,
			);
			runOnlyForDeploymentPostprocessing = 0;
		};
		1F8468C0282AC0FE00F110CC /* Frameworks */ = {
			isa = PBXFrameworksBuildPhase;
			buildActionMask = 2147483647;
			files = (
				AE043796BA20A62918CFFD54 /* libPods-OpenGLiOSDemoTests.a in Frameworks */,
			);
			runOnlyForDeploymentPostprocessing = 0;
		};
		1F8468CA282AC0FE00F110CC /* Frameworks */ = {
			isa = PBXFrameworksBuildPhase;
			buildActionMask = 2147483647;
			files = (
				B3DE2EAC39D49839A3B6B66D /* libPods-OpenGLiOSDemo-OpenGLiOSDemoUITests.a in Frameworks */,
			);
			runOnlyForDeploymentPostprocessing = 0;
		};
/* End PBXFrameworksBuildPhase section */

/* Begin PBXGroup section */
		1F84689C282AC0FD00F110CC = {
			isa = PBXGroup;
			children = (
				1F8468A7282AC0FD00F110CC /* OpenGLiOSDemo */,
				1F8468C6282AC0FE00F110CC /* OpenGLiOSDemoTests */,
				1F8468D0282AC0FE00F110CC /* OpenGLiOSDemoUITests */,
				1F8468A6282AC0FD00F110CC /* Products */,
				568E83AE3E59E8A144844B6D /* Pods */,
				75417B6C40EB98248388C9E6 /* Frameworks */,
			);
			sourceTree = "<group>";
		};
		1F8468A6282AC0FD00F110CC /* Products */ = {
			isa = PBXGroup;
			children = (
				1F8468A5282AC0FD00F110CC /* OpenGLiOSDemo.app */,
				1F8468C3282AC0FE00F110CC /* OpenGLiOSDemoTests.xctest */,
				1F8468CD282AC0FE00F110CC /* OpenGLiOSDemoUITests.xctest */,
			);
			name = Products;
			sourceTree = "<group>";
		};
		1F8468A7282AC0FD00F110CC /* OpenGLiOSDemo */ = {
			isa = PBXGroup;
			children = (
				1F8468A8282AC0FD00F110CC /* AppDelegate.h */,
				1F8468A9282AC0FD00F110CC /* AppDelegate.m */,
				1F8468AE282AC0FD00F110CC /* ViewController.h */,
				1F8468AF282AC0FD00F110CC /* ViewController.m */,
				1F8468B7282AC0FE00F110CC /* Assets.xcassets */,
				1F8468B9282AC0FE00F110CC /* LaunchScreen.storyboard */,
				1F8468BC282AC0FE00F110CC /* Info.plist */,
				1F8468BD282AC0FE00F110CC /* main.m */,
				1F8468B4282AC0FD00F110CC /* OpenGLiOSDemo.xcdatamodeld */,
				1F8468E0282AC2C200F110CC /* OpenGLViewController.h */,
				1F8468E1282AC2C200F110CC /* OpenGLViewController.m */,
				1F8468E3282AC58C00F110CC /* BaseOpenGLView.h */,
				1F8468E4282AC58C00F110CC /* BaseOpenGLView.m */,
			);
			path = OpenGLiOSDemo;
			sourceTree = "<group>";
		};
		1F8468C6282AC0FE00F110CC /* OpenGLiOSDemoTests */ = {
			isa = PBXGroup;
			children = (
				1F8468C7282AC0FE00F110CC /* OpenGLiOSDemoTests.m */,
			);
			path = OpenGLiOSDemoTests;
			sourceTree = "<group>";
		};
		1F8468D0282AC0FE00F110CC /* OpenGLiOSDemoUITests */ = {
			isa = PBXGroup;
			children = (
				1F8468D1282AC0FE00F110CC /* OpenGLiOSDemoUITests.m */,
				1F8468D3282AC0FE00F110CC /* OpenGLiOSDemoUITestsLaunchTests.m */,
			);
			path = OpenGLiOSDemoUITests;
			sourceTree = "<group>";
		};
		568E83AE3E59E8A144844B6D /* Pods */ = {
			isa = PBXGroup;
			children = (
				C6D5DA20AEC5B8DF85923EC6 /* Pods-OpenGLiOSDemo.debug.xcconfig */,
				54028B2A350D6B98C86A1490 /* Pods-OpenGLiOSDemo.release.xcconfig */,
				50EBBBE5B35B3A7612C92966 /* Pods-OpenGLiOSDemo-OpenGLiOSDemoUITests.debug.xcconfig */,
				3EB0D2B01635652F12188355 /* Pods-OpenGLiOSDemo-OpenGLiOSDemoUITests.release.xcconfig */,
				E51CBE04AABB4B4CF75011C5 /* Pods-OpenGLiOSDemoTests.debug.xcconfig */,
				232C41219D63ECD25B5C5432 /* Pods-OpenGLiOSDemoTests.release.xcconfig */,
			);
			name = Pods;
			path = Pods;
			sourceTree = "<group>";
		};
		75417B6C40EB98248388C9E6 /* Frameworks */ = {
			isa = PBXGroup;
			children = (
				ADE5128B01481BC87E85DBDF /* libPods-OpenGLiOSDemo.a */,
				F26CE7E50C74A4467BF78004 /* libPods-OpenGLiOSDemo-OpenGLiOSDemoUITests.a */,
				A809F06CB9EBB6098297EF4B /* libPods-OpenGLiOSDemoTests.a */,
			);
			name = Frameworks;
			sourceTree = "<group>";
		};
/* End PBXGroup section */

/* Begin PBXNativeTarget section */
		1F8468A4282AC0FD00F110CC /* OpenGLiOSDemo */ = {
			isa = PBXNativeTarget;
			buildConfigurationList = 1F8468D7282AC0FE00F110CC /* Build configuration list for PBXNativeTarget "OpenGLiOSDemo" */;
			buildPhases = (
				C7DD56EC34C20A6B880783F6 /* [CP] Check Pods Manifest.lock */,
				1F8468A1282AC0FD00F110CC /* Sources */,
				1F8468A2282AC0FD00F110CC /* Frameworks */,
				1F8468A3282AC0FD00F110CC /* Resources */,
			);
			buildRules = (
			);
			dependencies = (
			);
			name = OpenGLiOSDemo;
			productName = OpenGLiOSDemo;
			productReference = 1F8468A5282AC0FD00F110CC /* OpenGLiOSDemo.app */;
			productType = "com.apple.product-type.application";
		};
		1F8468C2282AC0FE00F110CC /* OpenGLiOSDemoTests */ = {
			isa = PBXNativeTarget;
			buildConfigurationList = 1F8468DA282AC0FE00F110CC /* Build configuration list for PBXNativeTarget "OpenGLiOSDemoTests" */;
			buildPhases = (
				1D3BCA9AE46F552B391909E3 /* [CP] Check Pods Manifest.lock */,
				1F8468BF282AC0FE00F110CC /* Sources */,
				1F8468C0282AC0FE00F110CC /* Frameworks */,
				1F8468C1282AC0FE00F110CC /* Resources */,
			);
			buildRules = (
			);
			dependencies = (
				1F8468C5282AC0FE00F110CC /* PBXTargetDependency */,
			);
			name = OpenGLiOSDemoTests;
			productName = OpenGLiOSDemoTests;
			productReference = 1F8468C3282AC0FE00F110CC /* OpenGLiOSDemoTests.xctest */;
			productType = "com.apple.product-type.bundle.unit-test";
		};
		1F8468CC282AC0FE00F110CC /* OpenGLiOSDemoUITests */ = {
			isa = PBXNativeTarget;
			buildConfigurationList = 1F8468DD282AC0FE00F110CC /* Build configuration list for PBXNativeTarget "OpenGLiOSDemoUITests" */;
			buildPhases = (
				8066EA44CF369947820974C6 /* [CP] Check Pods Manifest.lock */,
				1F8468C9282AC0FE00F110CC /* Sources */,
				1F8468CA282AC0FE00F110CC /* Frameworks */,
				1F8468CB282AC0FE00F110CC /* Resources */,
			);
			buildRules = (
			);
			dependencies = (
				1F8468CF282AC0FE00F110CC /* PBXTargetDependency */,
			);
			name = OpenGLiOSDemoUITests;
			productName = OpenGLiOSDemoUITests;
			productReference = 1F8468CD282AC0FE00F110CC /* OpenGLiOSDemoUITests.xctest */;
			productType = "com.apple.product-type.bundle.ui-testing";
		};
/* End PBXNativeTarget section */

/* Begin PBXProject section */
		1F84689D282AC0FD00F110CC /* Project object */ = {
			isa = PBXProject;
			attributes = {
				BuildIndependentTargetsInParallel = 1;
				LastUpgradeCheck = 1330;
				TargetAttributes = {
					1F8468A4282AC0FD00F110CC = {
						CreatedOnToolsVersion = 13.3.1;
					};
					1F8468C2282AC0FE00F110CC = {
						CreatedOnToolsVersion = 13.3.1;
						TestTargetID = 1F8468A4282AC0FD00F110CC;
					};
					1F8468CC282AC0FE00F110CC = {
						CreatedOnToolsVersion = 13.3.1;
						TestTargetID = 1F8468A4282AC0FD00F110CC;
					};
				};
			};
			buildConfigurationList = 1F8468A0282AC0FD00F110CC /* Build configuration list for PBXProject "OpenGLiOSDemo" */;
			compatibilityVersion = "Xcode 13.0";
			developmentRegion = en;
			hasScannedForEncodings = 0;
			knownRegions = (
				en,
				Base,
			);
			mainGroup = 1F84689C282AC0FD00F110CC;
			productRefGroup = 1F8468A6282AC0FD00F110CC /* Products */;
			projectDirPath = "";
			projectRoot = "";
			targets = (
				1F8468A4282AC0FD00F110CC /* OpenGLiOSDemo */,
				1F8468C2282AC0FE00F110CC /* OpenGLiOSDemoTests */,
				1F8468CC282AC0FE00F110CC /* OpenGLiOSDemoUITests */,
			);
		};
/* End PBXProject section */

/* Begin PBXResourcesBuildPhase section */
		1F8468A3282AC0FD00F110CC /* Resources */ = {
			isa = PBXResourcesBuildPhase;
			buildActionMask = 2147483647;
			files = (
				1F8468BB282AC0FE00F110CC /* LaunchScreen.storyboard in Resources */,
				1F8468B8282AC0FE00F110CC /* Assets.xcassets in Resources */,
			);
			runOnlyForDeploymentPostprocessing = 0;
		};
		1F8468C1282AC0FE00F110CC /* Resources */ = {
			isa = PBXResourcesBuildPhase;
			buildActionMask = 2147483647;
			files = (
			);
			runOnlyForDeploymentPostprocessing = 0;
		};
		1F8468CB282AC0FE00F110CC /* Resources */ = {
			isa = PBXResourcesBuildPhase;
			buildActionMask = 2147483647;
			files = (
			);
			runOnlyForDeploymentPostprocessing = 0;
		};
/* End PBXResourcesBuildPhase section */

/* Begin PBXShellScriptBuildPhase section */
		1D3BCA9AE46F552B391909E3 /* [CP] Check Pods Manifest.lock */ = {
			isa = PBXShellScriptBuildPhase;
			buildActionMask = 2147483647;
			files = (
			);
			inputFileListPaths = (
			);
			inputPaths = (
				"${PODS_PODFILE_DIR_PATH}/Podfile.lock",
				"${PODS_ROOT}/Manifest.lock",
			);
			name = "[CP] Check Pods Manifest.lock";
			outputFileListPaths = (
			);
			outputPaths = (
				"$(DERIVED_FILE_DIR)/Pods-OpenGLiOSDemoTests-checkManifestLockResult.txt",
			);
			runOnlyForDeploymentPostprocessing = 0;
			shellPath = /bin/sh;
			shellScript = "diff \"${PODS_PODFILE_DIR_PATH}/Podfile.lock\" \"${PODS_ROOT}/Manifest.lock\" > /dev/null\nif [ $? != 0 ] ; then\n    # print error to STDERR\n    echo \"error: The sandbox is not in sync with the Podfile.lock. Run 'pod install' or update your CocoaPods installation.\" >&2\n    exit 1\nfi\n# This output is used by Xcode 'outputs' to avoid re-running this script phase.\necho \"SUCCESS\" > \"${SCRIPT_OUTPUT_FILE_0}\"\n";
			showEnvVarsInLog = 0;
		};
		8066EA44CF369947820974C6 /* [CP] Check Pods Manifest.lock */ = {
			isa = PBXShellScriptBuildPhase;
			buildActionMask = 2147483647;
			files = (
			);
			inputFileListPaths = (
			);
			inputPaths = (
				"${PODS_PODFILE_DIR_PATH}/Podfile.lock",
				"${PODS_ROOT}/Manifest.lock",
			);
			name = "[CP] Check Pods Manifest.lock";
			outputFileListPaths = (
			);
			outputPaths = (
				"$(DERIVED_FILE_DIR)/Pods-OpenGLiOSDemo-OpenGLiOSDemoUITests-checkManifestLockResult.txt",
			);
			runOnlyForDeploymentPostprocessing = 0;
			shellPath = /bin/sh;
			shellScript = "diff \"${PODS_PODFILE_DIR_PATH}/Podfile.lock\" \"${PODS_ROOT}/Manifest.lock\" > /dev/null\nif [ $? != 0 ] ; then\n    # print error to STDERR\n    echo \"error: The sandbox is not in sync with the Podfile.lock. Run 'pod install' or update your CocoaPods installation.\" >&2\n    exit 1\nfi\n# This output is used by Xcode 'outputs' to avoid re-running this script phase.\necho \"SUCCESS\" > \"${SCRIPT_OUTPUT_FILE_0}\"\n";
			showEnvVarsInLog = 0;
		};
		C7DD56EC34C20A6B880783F6 /* [CP] Check Pods Manifest.lock */ = {
			isa = PBXShellScriptBuildPhase;
			buildActionMask = 2147483647;
			files = (
			);
			inputFileListPaths = (
			);
			inputPaths = (
				"${PODS_PODFILE_DIR_PATH}/Podfile.lock",
				"${PODS_ROOT}/Manifest.lock",
			);
			name = "[CP] Check Pods Manifest.lock";
			outputFileListPaths = (
			);
			outputPaths = (
				"$(DERIVED_FILE_DIR)/Pods-OpenGLiOSDemo-checkManifestLockResult.txt",
			);
			runOnlyForDeploymentPostprocessing = 0;
			shellPath = /bin/sh;
			shellScript = "diff \"${PODS_PODFILE_DIR_PATH}/Podfile.lock\" \"${PODS_ROOT}/Manifest.lock\" > /dev/null\nif [ $? != 0 ] ; then\n    # print error to STDERR\n    echo \"error: The sandbox is not in sync with the Podfile.lock. Run 'pod install' or update your CocoaPods installation.\" >&2\n    exit 1\nfi\n# This output is used by Xcode 'outputs' to avoid re-running this script phase.\necho \"SUCCESS\" > \"${SCRIPT_OUTPUT_FILE_0}\"\n";
			showEnvVarsInLog = 0;
		};
/* End PBXShellScriptBuildPhase section */

/* Begin PBXSourcesBuildPhase section */
		1F8468A1282AC0FD00F110CC /* Sources */ = {
			isa = PBXSourcesBuildPhase;
			buildActionMask = 2147483647;
			files = (
				1F8468E5282AC58C00F110CC /* BaseOpenGLView.m in Sources */,
				1F8468BE282AC0FE00F110CC /* main.m in Sources */,
				1F8468B0282AC0FD00F110CC /* ViewController.m in Sources */,
				1F8468E2282AC2C200F110CC /* OpenGLViewController.m in Sources */,
				1F8468AA282AC0FD00F110CC /* AppDelegate.m in Sources */,
				1F8468B6282AC0FD00F110CC /* OpenGLiOSDemo.xcdatamodeld in Sources */,
			);
			runOnlyForDeploymentPostprocessing = 0;
		};
		1F8468BF282AC0FE00F110CC /* Sources */ = {
			isa = PBXSourcesBuildPhase;
			buildActionMask = 2147483647;
			files = (
				1F8468C8282AC0FE00F110CC /* OpenGLiOSDemoTests.m in Sources */,
			);
			runOnlyForDeploymentPostprocessing = 0;
		};
		1F8468C9282AC0FE00F110CC /* Sources */ = {
			isa = PBXSourcesBuildPhase;
			buildActionMask = 2147483647;
			files = (
				1F8468D4282AC0FE00F110CC /* OpenGLiOSDemoUITestsLaunchTests.m in Sources */,
				1F8468D2282AC0FE00F110CC /* OpenGLiOSDemoUITests.m in Sources */,
			);
			runOnlyForDeploymentPostprocessing = 0;
		};
/* End PBXSourcesBuildPhase section */

/* Begin PBXTargetDependency section */
		1F8468C5282AC0FE00F110CC /* PBXTargetDependency */ = {
			isa = PBXTargetDependency;
			target = 1F8468A4282AC0FD00F110CC /* OpenGLiOSDemo */;
			targetProxy = 1F8468C4282AC0FE00F110CC /* PBXContainerItemProxy */;
		};
		1F8468CF282AC0FE00F110CC /* PBXTargetDependency */ = {
			isa = PBXTargetDependency;
			target = 1F8468A4282AC0FD00F110CC /* OpenGLiOSDemo */;
			targetProxy = 1F8468CE282AC0FE00F110CC /* PBXContainerItemProxy */;
		};
/* End PBXTargetDependency section */

/* Begin PBXVariantGroup section */
		1F8468B9282AC0FE00F110CC /* LaunchScreen.storyboard */ = {
			isa = PBXVariantGroup;
			children = (
				1F8468BA282AC0FE00F110CC /* Base */,
			);
			name = LaunchScreen.storyboard;
			sourceTree = "<group>";
		};
/* End PBXVariantGroup section */

/* Begin XCBuildConfiguration section */
		1F8468D5282AC0FE00F110CC /* Debug */ = {
			isa = XCBuildConfiguration;
			buildSettings = {
				ALWAYS_SEARCH_USER_PATHS = NO;
				CLANG_ANALYZER_NONNULL = YES;
				CLANG_ANALYZER_NUMBER_OBJECT_CONVERSION = YES_AGGRESSIVE;
				CLANG_CXX_LANGUAGE_STANDARD = "gnu++17";
				CLANG_ENABLE_MODULES = YES;
				CLANG_ENABLE_OBJC_ARC = YES;
				CLANG_ENABLE_OBJC_WEAK = YES;
				CLANG_WARN_BLOCK_CAPTURE_AUTORELEASING = YES;
				CLANG_WARN_BOOL_CONVERSION = YES;
				CLANG_WARN_COMMA = YES;
				CLANG_WARN_CONSTANT_CONVERSION = YES;
				CLANG_WARN_DEPRECATED_OBJC_IMPLEMENTATIONS = YES;
				CLANG_WARN_DIRECT_OBJC_ISA_USAGE = YES_ERROR;
				CLANG_WARN_DOCUMENTATION_COMMENTS = YES;
				CLANG_WARN_EMPTY_BODY = YES;
				CLANG_WARN_ENUM_CONVERSION = YES;
				CLANG_WARN_INFINITE_RECURSION = YES;
				CLANG_WARN_INT_CONVERSION = YES;
				CLANG_WARN_NON_LITERAL_NULL_CONVERSION = YES;
				CLANG_WARN_OBJC_IMPLICIT_RETAIN_SELF = YES;
				CLANG_WARN_OBJC_LITERAL_CONVERSION = YES;
				CLANG_WARN_OBJC_ROOT_CLASS = YES_ERROR;
				CLANG_WARN_QUOTED_INCLUDE_IN_FRAMEWORK_HEADER = YES;
				CLANG_WARN_RANGE_LOOP_ANALYSIS = YES;
				CLANG_WARN_STRICT_PROTOTYPES = YES;
				CLANG_WARN_SUSPICIOUS_MOVE = YES;
				CLANG_WARN_UNGUARDED_AVAILABILITY = YES_AGGRESSIVE;
				CLANG_WARN_UNREACHABLE_CODE = YES;
				CLANG_WARN__DUPLICATE_METHOD_MATCH = YES;
				COPY_PHASE_STRIP = NO;
				DEBUG_INFORMATION_FORMAT = dwarf;
				ENABLE_STRICT_OBJC_MSGSEND = YES;
				ENABLE_TESTABILITY = YES;
				GCC_C_LANGUAGE_STANDARD = gnu11;
				GCC_DYNAMIC_NO_PIC = NO;
				GCC_NO_COMMON_BLOCKS = YES;
				GCC_OPTIMIZATION_LEVEL = 0;
				GCC_PREPROCESSOR_DEFINITIONS = (
					"DEBUG=1",
					"$(inherited)",
				);
				GCC_WARN_64_TO_32_BIT_CONVERSION = YES;
				GCC_WARN_ABOUT_RETURN_TYPE = YES_ERROR;
				GCC_WARN_UNDECLARED_SELECTOR = YES;
				GCC_WARN_UNINITIALIZED_AUTOS = YES_AGGRESSIVE;
				GCC_WARN_UNUSED_FUNCTION = YES;
				GCC_WARN_UNUSED_VARIABLE = YES;
				IPHONEOS_DEPLOYMENT_TARGET = 10.0;
				MTL_ENABLE_DEBUG_INFO = INCLUDE_SOURCE;
				MTL_FAST_MATH = YES;
				ONLY_ACTIVE_ARCH = YES;
				SDKROOT = iphoneos;
			};
			name = Debug;
		};
		1F8468D6282AC0FE00F110CC /* Release */ = {
			isa = XCBuildConfiguration;
			buildSettings = {
				ALWAYS_SEARCH_USER_PATHS = NO;
				CLANG_ANALYZER_NONNULL = YES;
				CLANG_ANALYZER_NUMBER_OBJECT_CONVERSION = YES_AGGRESSIVE;
				CLANG_CXX_LANGUAGE_STANDARD = "gnu++17";
				CLANG_ENABLE_MODULES = YES;
				CLANG_ENABLE_OBJC_ARC = YES;
				CLANG_ENABLE_OBJC_WEAK = YES;
				CLANG_WARN_BLOCK_CAPTURE_AUTORELEASING = YES;
				CLANG_WARN_BOOL_CONVERSION = YES;
				CLANG_WARN_COMMA = YES;
				CLANG_WARN_CONSTANT_CONVERSION = YES;
				CLANG_WARN_DEPRECATED_OBJC_IMPLEMENTATIONS = YES;
				CLANG_WARN_DIRECT_OBJC_ISA_USAGE = YES_ERROR;
				CLANG_WARN_DOCUMENTATION_COMMENTS = YES;
				CLANG_WARN_EMPTY_BODY = YES;
				CLANG_WARN_ENUM_CONVERSION = YES;
				CLANG_WARN_INFINITE_RECURSION = YES;
				CLANG_WARN_INT_CONVERSION = YES;
				CLANG_WARN_NON_LITERAL_NULL_CONVERSION = YES;
				CLANG_WARN_OBJC_IMPLICIT_RETAIN_SELF = YES;
				CLANG_WARN_OBJC_LITERAL_CONVERSION = YES;
				CLANG_WARN_OBJC_ROOT_CLASS = YES_ERROR;
				CLANG_WARN_QUOTED_INCLUDE_IN_FRAMEWORK_HEADER = YES;
				CLANG_WARN_RANGE_LOOP_ANALYSIS = YES;
				CLANG_WARN_STRICT_PROTOTYPES = YES;
				CLANG_WARN_SUSPICIOUS_MOVE = YES;
				CLANG_WARN_UNGUARDED_AVAILABILITY = YES_AGGRESSIVE;
				CLANG_WARN_UNREACHABLE_CODE = YES;
				CLANG_WARN__DUPLICATE_METHOD_MATCH = YES;
				COPY_PHASE_STRIP = NO;
				DEBUG_INFORMATION_FORMAT = "dwarf-with-dsym";
				ENABLE_NS_ASSERTIONS = NO;
				ENABLE_STRICT_OBJC_MSGSEND = YES;
				GCC_C_LANGUAGE_STANDARD = gnu11;
				GCC_NO_COMMON_BLOCKS = YES;
				GCC_WARN_64_TO_32_BIT_CONVERSION = YES;
				GCC_WARN_ABOUT_RETURN_TYPE = YES_ERROR;
				GCC_WARN_UNDECLARED_SELECTOR = YES;
				GCC_WARN_UNINITIALIZED_AUTOS = YES_AGGRESSIVE;
				GCC_WARN_UNUSED_FUNCTION = YES;
				GCC_WARN_UNUSED_VARIABLE = YES;
				IPHONEOS_DEPLOYMENT_TARGET = 10.0;
				MTL_ENABLE_DEBUG_INFO = NO;
				MTL_FAST_MATH = YES;
				SDKROOT = iphoneos;
				VALIDATE_PRODUCT = YES;
			};
			name = Release;
		};
		1F8468D8282AC0FE00F110CC /* Debug */ = {
			isa = XCBuildConfiguration;
			baseConfigurationReference = C6D5DA20AEC5B8DF85923EC6 /* Pods-OpenGLiOSDemo.debug.xcconfig */;
			buildSettings = {
				ASSETCATALOG_COMPILER_APPICON_NAME = AppIcon;
				ASSETCATALOG_COMPILER_GLOBAL_ACCENT_COLOR_NAME = AccentColor;
				CODE_SIGN_STYLE = Automatic;
				CURRENT_PROJECT_VERSION = 1;
				DEVELOPMENT_TEAM = 35UCJZSCCT;
				GENERATE_INFOPLIST_FILE = YES;
				INFOPLIST_FILE = OpenGLiOSDemo/Info.plist;
				INFOPLIST_KEY_UIApplicationSupportsIndirectInputEvents = YES;
				INFOPLIST_KEY_UILaunchStoryboardName = LaunchScreen;
				INFOPLIST_KEY_UISupportedInterfaceOrientations_iPad = "UIInterfaceOrientationPortrait UIInterfaceOrientationPortraitUpsideDown UIInterfaceOrientationLandscapeLeft UIInterfaceOrientationLandscapeRight";
				INFOPLIST_KEY_UISupportedInterfaceOrientations_iPhone = "UIInterfaceOrientationPortrait UIInterfaceOrientationLandscapeLeft UIInterfaceOrientationLandscapeRight";
				LD_RUNPATH_SEARCH_PATHS = (
					"$(inherited)",
					"@executable_path/Frameworks",
				);
				MARKETING_VERSION = 1.0;
				PRODUCT_BUNDLE_IDENTIFIER = com.OpenGLiOSDemo;
				PRODUCT_NAME = "$(TARGET_NAME)";
				SWIFT_EMIT_LOC_STRINGS = YES;
				TARGETED_DEVICE_FAMILY = "1,2";
			};
			name = Debug;
		};
		1F8468D9282AC0FE00F110CC /* Release */ = {
			isa = XCBuildConfiguration;
			baseConfigurationReference = 54028B2A350D6B98C86A1490 /* Pods-OpenGLiOSDemo.release.xcconfig */;
			buildSettings = {
				ASSETCATALOG_COMPILER_APPICON_NAME = AppIcon;
				ASSETCATALOG_COMPILER_GLOBAL_ACCENT_COLOR_NAME = AccentColor;
				CODE_SIGN_STYLE = Automatic;
				CURRENT_PROJECT_VERSION = 1;
				DEVELOPMENT_TEAM = 35UCJZSCCT;
				GENERATE_INFOPLIST_FILE = YES;
				INFOPLIST_FILE = OpenGLiOSDemo/Info.plist;
				INFOPLIST_KEY_UIApplicationSupportsIndirectInputEvents = YES;
				INFOPLIST_KEY_UILaunchStoryboardName = LaunchScreen;
				INFOPLIST_KEY_UISupportedInterfaceOrientations_iPad = "UIInterfaceOrientationPortrait UIInterfaceOrientationPortraitUpsideDown UIInterfaceOrientationLandscapeLeft UIInterfaceOrientationLandscapeRight";
				INFOPLIST_KEY_UISupportedInterfaceOrientations_iPhone = "UIInterfaceOrientationPortrait UIInterfaceOrientationLandscapeLeft UIInterfaceOrientationLandscapeRight";
				LD_RUNPATH_SEARCH_PATHS = (
					"$(inherited)",
					"@executable_path/Frameworks",
				);
				MARKETING_VERSION = 1.0;
				PRODUCT_BUNDLE_IDENTIFIER = com.OpenGLiOSDemo;
				PRODUCT_NAME = "$(TARGET_NAME)";
				SWIFT_EMIT_LOC_STRINGS = YES;
				TARGETED_DEVICE_FAMILY = "1,2";
			};
			name = Release;
		};
		1F8468DB282AC0FE00F110CC /* Debug */ = {
			isa = XCBuildConfiguration;
			baseConfigurationReference = E51CBE04AABB4B4CF75011C5 /* Pods-OpenGLiOSDemoTests.debug.xcconfig */;
			buildSettings = {
				BUNDLE_LOADER = "$(TEST_HOST)";
				CODE_SIGN_STYLE = Automatic;
				CURRENT_PROJECT_VERSION = 1;
				DEVELOPMENT_TEAM = 35UCJZSCCT;
				GENERATE_INFOPLIST_FILE = YES;
				IPHONEOS_DEPLOYMENT_TARGET = 15.4;
				MARKETING_VERSION = 1.0;
				PRODUCT_BUNDLE_IDENTIFIER = com.OpenGLiOSDemoTests;
				PRODUCT_NAME = "$(TARGET_NAME)";
				SWIFT_EMIT_LOC_STRINGS = NO;
				TARGETED_DEVICE_FAMILY = "1,2";
				TEST_HOST = "$(BUILT_PRODUCTS_DIR)/OpenGLiOSDemo.app/OpenGLiOSDemo";
			};
			name = Debug;
		};
		1F8468DC282AC0FE00F110CC /* Release */ = {
			isa = XCBuildConfiguration;
			baseConfigurationReference = 232C41219D63ECD25B5C5432 /* Pods-OpenGLiOSDemoTests.release.xcconfig */;
			buildSettings = {
				BUNDLE_LOADER = "$(TEST_HOST)";
				CODE_SIGN_STYLE = Automatic;
				CURRENT_PROJECT_VERSION = 1;
				DEVELOPMENT_TEAM = 35UCJZSCCT;
				GENERATE_INFOPLIST_FILE = YES;
				IPHONEOS_DEPLOYMENT_TARGET = 15.4;
				MARKETING_VERSION = 1.0;
				PRODUCT_BUNDLE_IDENTIFIER = com.OpenGLiOSDemoTests;
				PRODUCT_NAME = "$(TARGET_NAME)";
				SWIFT_EMIT_LOC_STRINGS = NO;
				TARGETED_DEVICE_FAMILY = "1,2";
				TEST_HOST = "$(BUILT_PRODUCTS_DIR)/OpenGLiOSDemo.app/OpenGLiOSDemo";
			};
			name = Release;
		};
		1F8468DE282AC0FE00F110CC /* Debug */ = {
			isa = XCBuildConfiguration;
			baseConfigurationReference = 50EBBBE5B35B3A7612C92966 /* Pods-OpenGLiOSDemo-OpenGLiOSDemoUITests.debug.xcconfig */;
			buildSettings = {
				CODE_SIGN_STYLE = Automatic;
				CURRENT_PROJECT_VERSION = 1;
				DEVELOPMENT_TEAM = 35UCJZSCCT;
				GENERATE_INFOPLIST_FILE = YES;
				MARKETING_VERSION = 1.0;
				PRODUCT_BUNDLE_IDENTIFIER = com.OpenGLiOSDemoUITests;
				PRODUCT_NAME = "$(TARGET_NAME)";
				SWIFT_EMIT_LOC_STRINGS = NO;
				TARGETED_DEVICE_FAMILY = "1,2";
				TEST_TARGET_NAME = OpenGLiOSDemo;
			};
			name = Debug;
		};
		1F8468DF282AC0FE00F110CC /* Release */ = {
			isa = XCBuildConfiguration;
			baseConfigurationReference = 3EB0D2B01635652F12188355 /* Pods-OpenGLiOSDemo-OpenGLiOSDemoUITests.release.xcconfig */;
			buildSettings = {
				CODE_SIGN_STYLE = Automatic;
				CURRENT_PROJECT_VERSION = 1;
				DEVELOPMENT_TEAM = 35UCJZSCCT;
				GENERATE_INFOPLIST_FILE = YES;
				MARKETING_VERSION = 1.0;
				PRODUCT_BUNDLE_IDENTIFIER = com.OpenGLiOSDemoUITests;
				PRODUCT_NAME = "$(TARGET_NAME)";
				SWIFT_EMIT_LOC_STRINGS = NO;
				TARGETED_DEVICE_FAMILY = "1,2";
				TEST_TARGET_NAME = OpenGLiOSDemo;
			};
			name = Release;
		};
/* End XCBuildConfiguration section */

/* Begin XCConfigurationList section */
		1F8468A0282AC0FD00F110CC /* Build configuration list for PBXProject "OpenGLiOSDemo" */ = {
			isa = XCConfigurationList;
			buildConfigurations = (
				1F8468D5282AC0FE00F110CC /* Debug */,
				1F8468D6282AC0FE00F110CC /* Release */,
			);
			defaultConfigurationIsVisible = 0;
			defaultConfigurationName = Release;
		};
		1F8468D7282AC0FE00F110CC /* Build configuration list for PBXNativeTarget "OpenGLiOSDemo" */ = {
			isa = XCConfigurationList;
			buildConfigurations = (
				1F8468D8282AC0FE00F110CC /* Debug */,
				1F8468D9282AC0FE00F110CC /* Release */,
			);
			defaultConfigurationIsVisible = 0;
			defaultConfigurationName = Release;
		};
		1F8468DA282AC0FE00F110CC /* Build configuration list for PBXNativeTarget "OpenGLiOSDemoTests" */ = {
			isa = XCConfigurationList;
			buildConfigurations = (
				1F8468DB282AC0FE00F110CC /* Debug */,
				1F8468DC282AC0FE00F110CC /* Release */,
			);
			defaultConfigurationIsVisible = 0;
			defaultConfigurationName = Release;
		};
		1F8468DD282AC0FE00F110CC /* Build configuration list for PBXNativeTarget "OpenGLiOSDemoUITests" */ = {
			isa = XCConfigurationList;
			buildConfigurations = (
				1F8468DE282AC0FE00F110CC /* Debug */,
				1F8468DF282AC0FE00F110CC /* Release */,
			);
			defaultConfigurationIsVisible = 0;
			defaultConfigurationName = Release;
		};
/* End XCConfigurationList section */

/* Begin XCVersionGroup section */
		1F8468B4282AC0FD00F110CC /* OpenGLiOSDemo.xcdatamodeld */ = {
			isa = XCVersionGroup;
			children = (
				1F8468B5282AC0FD00F110CC /* OpenGLiOSDemo.xcdatamodel */,
			);
			currentVersion = 1F8468B5282AC0FD00F110CC /* OpenGLiOSDemo.xcdatamodel */;
			path = OpenGLiOSDemo.xcdatamodeld;
			sourceTree = "<group>";
			versionGroupType = wrapper.xcdatamodel;
		};
/* End XCVersionGroup section */
	};
	rootObject = 1F84689D282AC0FD00F110CC /* Project object */;
}
